
Microsoft Visual Studio Solution File, Format Version 12.00
# Visual Studio Version 16
VisualStudioVersion = 16.0.28803.202
MinimumVisualStudioVersion = 10.0.40219.1
Project("{FAE04EC0-301F-11D3-BF4B-00C04F79EFBC}") = "ConsoleApp10", "ConsoleApp10.csproj", "{9F843D41-8A76-4AEE-BC7F-19F24B91759F}"
EndProject
Global
	GlobalSection(SolutionConfigurationPlatforms) = preSolution
		Debug|Any CPU = Debug|Any CPU
		Release|Any CPU = Release|Any CPU
	EndGlobalSection
	GlobalSection(ProjectConfigurationPlatforms) = postSolution
		{9F843D41-8A76-4AEE-BC7F-19F24B91759F}.Debug|Any CPU.ActiveCfg = Debug|Any CPU
		{9F843D41-8A76-4AEE-BC7F-19F24B91759F}.Debug|Any CPU.Build.0 = Debug|Any CPU
		{9F843D41-8A76-4AEE-BC7F-19F24B91759F}.Release|Any CPU.ActiveCfg = Release|Any CPU
		{9F843D41-8A76-4AEE-BC7F-19F24B91759F}.Release|Any CPU.Build.0 = Release|Any CPU
	EndGlobalSection
	GlobalSection(SolutionProperties) = preSolution
		HideSolutionNode = FALSE
	EndGlobalSection
	GlobalSection(ExtensibilityGlobals) = postSolution
		SolutionGuid = {0EED302D-A3EE-4FF7-8E01-80DAB14D7349}
	EndGlobalSection
EndGlobal
