
Microsoft Visual Studio Solution File, Format Version 12.00
# Visual Studio Version 16
VisualStudioVersion = 16.0.28803.202
MinimumVisualStudioVersion = 10.0.40219.1
Project("{FAE04EC0-301F-11D3-BF4B-00C04F79EFBC}") = "VectorLibrary", "VectorLibrary.csproj", "{B33CB7BB-C0AB-4621-8406-0255D3864E40}"
EndProject
Global
	GlobalSection(SolutionConfigurationPlatforms) = preSolution
		Debug|Any CPU = Debug|Any CPU
		Release|Any CPU = Release|Any CPU
	EndGlobalSection
	GlobalSection(ProjectConfigurationPlatforms) = postSolution
		{B33CB7BB-C0AB-4621-8406-0255D3864E40}.Debug|Any CPU.ActiveCfg = Debug|Any CPU
		{B33CB7BB-C0AB-4621-8406-0255D3864E40}.Debug|Any CPU.Build.0 = Debug|Any CPU
		{B33CB7BB-C0AB-4621-8406-0255D3864E40}.Release|Any CPU.ActiveCfg = Release|Any CPU
		{B33CB7BB-C0AB-4621-8406-0255D3864E40}.Release|Any CPU.Build.0 = Release|Any CPU
	EndGlobalSection
	GlobalSection(SolutionProperties) = preSolution
		HideSolutionNode = FALSE
	EndGlobalSection
	GlobalSection(ExtensibilityGlobals) = postSolution
		SolutionGuid = {7A2BB024-04D7-4127-AA62-846DE0D2FB31}
	EndGlobalSection
EndGlobal
