
Microsoft Visual Studio Solution File, Format Version 12.00
# Visual Studio Version 16
VisualStudioVersion = 16.0.28803.202
MinimumVisualStudioVersion = 10.0.40219.1
Project("{FAE04EC0-301F-11D3-BF4B-00C04F79EFBC}") = "Class", "Class.csproj", "{793A5AC6-659D-4239-A062-4F603A31E854}"
EndProject
Global
	GlobalSection(SolutionConfigurationPlatforms) = preSolution
		Debug|Any CPU = Debug|Any CPU
		Release|Any CPU = Release|Any CPU
	EndGlobalSection
	GlobalSection(ProjectConfigurationPlatforms) = postSolution
		{793A5AC6-659D-4239-A062-4F603A31E854}.Debug|Any CPU.ActiveCfg = Debug|Any CPU
		{793A5AC6-659D-4239-A062-4F603A31E854}.Debug|Any CPU.Build.0 = Debug|Any CPU
		{793A5AC6-659D-4239-A062-4F603A31E854}.Release|Any CPU.ActiveCfg = Release|Any CPU
		{793A5AC6-659D-4239-A062-4F603A31E854}.Release|Any CPU.Build.0 = Release|Any CPU
	EndGlobalSection
	GlobalSection(SolutionProperties) = preSolution
		HideSolutionNode = FALSE
	EndGlobalSection
	GlobalSection(ExtensibilityGlobals) = postSolution
		SolutionGuid = {99118F56-221C-4909-A1CC-47CE3F70BEC9}
	EndGlobalSection
EndGlobal
